
Microsoft Visual Studio Solution File, Format Version 12.00
# Visual Studio Version 17
VisualStudioVersion = 17.9.34728.123
MinimumVisualStudioVersion = 10.0.40219.1
Project("{FAE04EC0-301F-11D3-BF4B-00C04F79EFBC}") = "AdoNetCustomer_1", "AdoNetCustomer_1\AdoNetCustomer_1.csproj", "{DAD513CA-2D05-4E41-93AE-54D7C7ECC423}"
EndProject
Project("{FAE04EC0-301F-11D3-BF4B-00C04F79EFBC}") = "EF_DBFirstProduct_2", "EF_DBFirstProduct_2\EF_DBFirstProduct_2.csproj", "{7C3397AC-2B92-4194-B07E-05F25162C2F3}"
EndProject
Project("{FAE04EC0-301F-11D3-BF4B-00C04F79EFBC}") = "EF_Statistics_3", "EF_Statistics_3\EF_Statistics_3.csproj", "{23B2EAA5-3FC1-4F6F-B4ED-077271D7BC39}"
EndProject
Project("{FAE04EC0-301F-11D3-BF4B-00C04F79EFBC}") = "EF_CodeFirstMovie_4", "EF_CodeFirstMovie_4\EF_CodeFirstMovie_4.csproj", "{7BB659A1-7D5A-499D-A3AD-DCA5A6D18C80}"
EndProject
Project("{FAE04EC0-301F-11D3-BF4B-00C04F79EFBC}") = "DapperNorthwind_5", "DapperNorthwind_5\DapperNorthwind_5.csproj", "{12E59FAA-5EF6-4A26-B48F-9CD1094AF74D}"
EndProject
Project("{9A19103F-16F7-4668-BE54-9A1E7A4F7556}") = "ApiWeatherConsume_7", "ApiWeatherConsume_7\ApiWeatherConsume_7.csproj", "{418D4DCC-B3B9-4C8A-AD69-AB6C3C472B17}"
EndProject
Project("{9A19103F-16F7-4668-BE54-9A1E7A4F7556}") = "ApiWeatherApp_6", "ApiWeatherApp_6\ApiWeatherApp_6.csproj", "{2E3A8680-D48F-4400-B606-9C862F19597E}"
EndProject
Project("{FAE04EC0-301F-11D3-BF4B-00C04F79EFBC}") = "RapidApiCurrency_8", "RapidApiCurrency_8\RapidApiCurrency_8.csproj", "{64D87E33-6187-43F0-BA0D-FD2966E29EA9}"
EndProject
Project("{FAE04EC0-301F-11D3-BF4B-00C04F79EFBC}") = "PostgreSqlToDoListApp_10", "PostgreSqlToDoListApp_10\PostgreSqlToDoListApp_10.csproj", "{A88E09AC-AE10-45A9-BE7F-C918B448E01F}"
EndProject
Project("{FAE04EC0-301F-11D3-BF4B-00C04F79EFBC}") = "TriggerOrderStock_11", "TriggerOrderStock_11\TriggerOrderStock_11.csproj", "{276AF1C8-7F46-41CE-8B37-A3FA4552B02F}"
EndProject
Project("{FAE04EC0-301F-11D3-BF4B-00C04F79EFBC}") = "JwtToken_12", "JwtToken_12\JwtToken_12.csproj", "{BD589828-4676-41B1-B85D-8F15C8B71FE4}"
EndProject
Project("{FAE04EC0-301F-11D3-BF4B-00C04F79EFBC}") = "WeatherApp_13", "WeatherApp_13\WeatherApp_13.csproj", "{AACF3101-BFA2-4071-90D9-0F439CBF6F2E}"
EndProject
Project("{FAE04EC0-301F-11D3-BF4B-00C04F79EFBC}") = "SqlAllRelations_14", "SqlAllRelations_14\SqlAllRelations_14.csproj", "{9D5B2F6A-C56B-40A8-94D7-75C868543446}"
EndProject
Project("{FAE04EC0-301F-11D3-BF4B-00C04F79EFBC}") = "GasPriceSimulation_15", "GasPriceSimulation_15\GasPriceSimulation_15.csproj", "{2EA6EC46-D068-4398-94C4-A12BA5575327}"
EndProject
Project("{FAE04EC0-301F-11D3-BF4B-00C04F79EFBC}") = "MailRegister_16", "MailRegister_16\MailRegister_16.csproj", "{F882F905-78D2-4858-A8C6-5499037CF335}"
EndProject
Project("{FAE04EC0-301F-11D3-BF4B-00C04F79EFBC}") = "KaggleDataset_17", "KaggleDataset_17\KaggleDataset_17.csproj", "{B728A45F-028B-4994-AA03-BA163253BE92}"
EndProject
Project("{FAE04EC0-301F-11D3-BF4B-00C04F79EFBC}") = "DashboardSuperStoreDataset_18", "DashboardSuperStoreDataset_18\DashboardSuperStoreDataset_18.csproj", "{05A454DE-AE95-4A39-8CAB-E20717CA869C}"
EndProject
Global
	GlobalSection(SolutionConfigurationPlatforms) = preSolution
		Debug|Any CPU = Debug|Any CPU
		Release|Any CPU = Release|Any CPU
	EndGlobalSection
	GlobalSection(ProjectConfigurationPlatforms) = postSolution
		{DAD513CA-2D05-4E41-93AE-54D7C7ECC423}.Debug|Any CPU.ActiveCfg = Debug|Any CPU
		{DAD513CA-2D05-4E41-93AE-54D7C7ECC423}.Debug|Any CPU.Build.0 = Debug|Any CPU
		{DAD513CA-2D05-4E41-93AE-54D7C7ECC423}.Release|Any CPU.ActiveCfg = Release|Any CPU
		{DAD513CA-2D05-4E41-93AE-54D7C7ECC423}.Release|Any CPU.Build.0 = Release|Any CPU
		{7C3397AC-2B92-4194-B07E-05F25162C2F3}.Debug|Any CPU.ActiveCfg = Debug|Any CPU
		{7C3397AC-2B92-4194-B07E-05F25162C2F3}.Debug|Any CPU.Build.0 = Debug|Any CPU
		{7C3397AC-2B92-4194-B07E-05F25162C2F3}.Release|Any CPU.ActiveCfg = Release|Any CPU
		{7C3397AC-2B92-4194-B07E-05F25162C2F3}.Release|Any CPU.Build.0 = Release|Any CPU
		{23B2EAA5-3FC1-4F6F-B4ED-077271D7BC39}.Debug|Any CPU.ActiveCfg = Debug|Any CPU
		{23B2EAA5-3FC1-4F6F-B4ED-077271D7BC39}.Debug|Any CPU.Build.0 = Debug|Any CPU
		{23B2EAA5-3FC1-4F6F-B4ED-077271D7BC39}.Release|Any CPU.ActiveCfg = Release|Any CPU
		{23B2EAA5-3FC1-4F6F-B4ED-077271D7BC39}.Release|Any CPU.Build.0 = Release|Any CPU
		{7BB659A1-7D5A-499D-A3AD-DCA5A6D18C80}.Debug|Any CPU.ActiveCfg = Debug|Any CPU
		{7BB659A1-7D5A-499D-A3AD-DCA5A6D18C80}.Debug|Any CPU.Build.0 = Debug|Any CPU
		{7BB659A1-7D5A-499D-A3AD-DCA5A6D18C80}.Release|Any CPU.ActiveCfg = Release|Any CPU
		{7BB659A1-7D5A-499D-A3AD-DCA5A6D18C80}.Release|Any CPU.Build.0 = Release|Any CPU
		{12E59FAA-5EF6-4A26-B48F-9CD1094AF74D}.Debug|Any CPU.ActiveCfg = Debug|Any CPU
		{12E59FAA-5EF6-4A26-B48F-9CD1094AF74D}.Debug|Any CPU.Build.0 = Debug|Any CPU
		{12E59FAA-5EF6-4A26-B48F-9CD1094AF74D}.Release|Any CPU.ActiveCfg = Release|Any CPU
		{12E59FAA-5EF6-4A26-B48F-9CD1094AF74D}.Release|Any CPU.Build.0 = Release|Any CPU
		{418D4DCC-B3B9-4C8A-AD69-AB6C3C472B17}.Debug|Any CPU.ActiveCfg = Debug|Any CPU
		{418D4DCC-B3B9-4C8A-AD69-AB6C3C472B17}.Debug|Any CPU.Build.0 = Debug|Any CPU
		{418D4DCC-B3B9-4C8A-AD69-AB6C3C472B17}.Release|Any CPU.ActiveCfg = Release|Any CPU
		{418D4DCC-B3B9-4C8A-AD69-AB6C3C472B17}.Release|Any CPU.Build.0 = Release|Any CPU
		{2E3A8680-D48F-4400-B606-9C862F19597E}.Debug|Any CPU.ActiveCfg = Debug|Any CPU
		{2E3A8680-D48F-4400-B606-9C862F19597E}.Debug|Any CPU.Build.0 = Debug|Any CPU
		{2E3A8680-D48F-4400-B606-9C862F19597E}.Release|Any CPU.ActiveCfg = Release|Any CPU
		{2E3A8680-D48F-4400-B606-9C862F19597E}.Release|Any CPU.Build.0 = Release|Any CPU
		{64D87E33-6187-43F0-BA0D-FD2966E29EA9}.Debug|Any CPU.ActiveCfg = Debug|Any CPU
		{64D87E33-6187-43F0-BA0D-FD2966E29EA9}.Debug|Any CPU.Build.0 = Debug|Any CPU
		{64D87E33-6187-43F0-BA0D-FD2966E29EA9}.Release|Any CPU.ActiveCfg = Release|Any CPU
		{64D87E33-6187-43F0-BA0D-FD2966E29EA9}.Release|Any CPU.Build.0 = Release|Any CPU
		{A88E09AC-AE10-45A9-BE7F-C918B448E01F}.Debug|Any CPU.ActiveCfg = Debug|Any CPU
		{A88E09AC-AE10-45A9-BE7F-C918B448E01F}.Debug|Any CPU.Build.0 = Debug|Any CPU
		{A88E09AC-AE10-45A9-BE7F-C918B448E01F}.Release|Any CPU.ActiveCfg = Release|Any CPU
		{A88E09AC-AE10-45A9-BE7F-C918B448E01F}.Release|Any CPU.Build.0 = Release|Any CPU
		{276AF1C8-7F46-41CE-8B37-A3FA4552B02F}.Debug|Any CPU.ActiveCfg = Debug|Any CPU
		{276AF1C8-7F46-41CE-8B37-A3FA4552B02F}.Debug|Any CPU.Build.0 = Debug|Any CPU
		{276AF1C8-7F46-41CE-8B37-A3FA4552B02F}.Release|Any CPU.ActiveCfg = Release|Any CPU
		{276AF1C8-7F46-41CE-8B37-A3FA4552B02F}.Release|Any CPU.Build.0 = Release|Any CPU
		{BD589828-4676-41B1-B85D-8F15C8B71FE4}.Debug|Any CPU.ActiveCfg = Debug|Any CPU
		{BD589828-4676-41B1-B85D-8F15C8B71FE4}.Debug|Any CPU.Build.0 = Debug|Any CPU
		{BD589828-4676-41B1-B85D-8F15C8B71FE4}.Release|Any CPU.ActiveCfg = Release|Any CPU
		{BD589828-4676-41B1-B85D-8F15C8B71FE4}.Release|Any CPU.Build.0 = Release|Any CPU
		{AACF3101-BFA2-4071-90D9-0F439CBF6F2E}.Debug|Any CPU.ActiveCfg = Debug|Any CPU
		{AACF3101-BFA2-4071-90D9-0F439CBF6F2E}.Debug|Any CPU.Build.0 = Debug|Any CPU
		{AACF3101-BFA2-4071-90D9-0F439CBF6F2E}.Release|Any CPU.ActiveCfg = Release|Any CPU
		{AACF3101-BFA2-4071-90D9-0F439CBF6F2E}.Release|Any CPU.Build.0 = Release|Any CPU
		{9D5B2F6A-C56B-40A8-94D7-75C868543446}.Debug|Any CPU.ActiveCfg = Debug|Any CPU
		{9D5B2F6A-C56B-40A8-94D7-75C868543446}.Debug|Any CPU.Build.0 = Debug|Any CPU
		{9D5B2F6A-C56B-40A8-94D7-75C868543446}.Release|Any CPU.ActiveCfg = Release|Any CPU
		{9D5B2F6A-C56B-40A8-94D7-75C868543446}.Release|Any CPU.Build.0 = Release|Any CPU
		{2EA6EC46-D068-4398-94C4-A12BA5575327}.Debug|Any CPU.ActiveCfg = Debug|Any CPU
		{2EA6EC46-D068-4398-94C4-A12BA5575327}.Debug|Any CPU.Build.0 = Debug|Any CPU
		{2EA6EC46-D068-4398-94C4-A12BA5575327}.Release|Any CPU.ActiveCfg = Release|Any CPU
		{2EA6EC46-D068-4398-94C4-A12BA5575327}.Release|Any CPU.Build.0 = Release|Any CPU
		{F882F905-78D2-4858-A8C6-5499037CF335}.Debug|Any CPU.ActiveCfg = Debug|Any CPU
		{F882F905-78D2-4858-A8C6-5499037CF335}.Debug|Any CPU.Build.0 = Debug|Any CPU
		{F882F905-78D2-4858-A8C6-5499037CF335}.Release|Any CPU.ActiveCfg = Release|Any CPU
		{F882F905-78D2-4858-A8C6-5499037CF335}.Release|Any CPU.Build.0 = Release|Any CPU
		{B728A45F-028B-4994-AA03-BA163253BE92}.Debug|Any CPU.ActiveCfg = Debug|Any CPU
		{B728A45F-028B-4994-AA03-BA163253BE92}.Debug|Any CPU.Build.0 = Debug|Any CPU
		{B728A45F-028B-4994-AA03-BA163253BE92}.Release|Any CPU.ActiveCfg = Release|Any CPU
		{B728A45F-028B-4994-AA03-BA163253BE92}.Release|Any CPU.Build.0 = Release|Any CPU
		{05A454DE-AE95-4A39-8CAB-E20717CA869C}.Debug|Any CPU.ActiveCfg = Debug|Any CPU
		{05A454DE-AE95-4A39-8CAB-E20717CA869C}.Debug|Any CPU.Build.0 = Debug|Any CPU
		{05A454DE-AE95-4A39-8CAB-E20717CA869C}.Release|Any CPU.ActiveCfg = Release|Any CPU
		{05A454DE-AE95-4A39-8CAB-E20717CA869C}.Release|Any CPU.Build.0 = Release|Any CPU
	EndGlobalSection
	GlobalSection(SolutionProperties) = preSolution
		HideSolutionNode = FALSE
	EndGlobalSection
	GlobalSection(ExtensibilityGlobals) = postSolution
		SolutionGuid = {7820A7F7-94BF-4FE3-BBFD-6D7294B48BAB}
	EndGlobalSection
EndGlobal
